
Microsoft Visual Studio Solution File, Format Version 12.00
# Visual Studio 2013
VisualStudioVersion = 12.0.30501.0
MinimumVisualStudioVersion = 10.0.40219.1
Project("{FAE04EC0-301F-11D3-BF4B-00C04F79EFBC}") = "DEMO", "DEMO\DEMO.csproj", "{148F7377-119F-4E92-B314-6ED988E8CC9B}"
EndProject
Project("{FAE04EC0-301F-11D3-BF4B-00C04F79EFBC}") = "Model", "Model\Model.csproj", "{473A9E95-214E-4B23-96EC-EC733ADFF586}"
EndProject
Project("{FAE04EC0-301F-11D3-BF4B-00C04F79EFBC}") = "BLL", "BLL\BLL.csproj", "{26F3CAA6-AE82-4F07-9702-285E2035C010}"
EndProject
Project("{FAE04EC0-301F-11D3-BF4B-00C04F79EFBC}") = "DAL", "DAL\DAL.csproj", "{DF55CD95-B55F-47D6-B147-C6EA4F82D5FC}"
EndProject
Project("{FAE04EC0-301F-11D3-BF4B-00C04F79EFBC}") = "TestMethod", "TestModel\TestMethod.csproj", "{FB88CD04-59CB-4D7C-9A4D-B618DDC90309}"
EndProject
Global
	GlobalSection(SolutionConfigurationPlatforms) = preSolution
		Debug|Any CPU = Debug|Any CPU
		Debug|x86 = Debug|x86
		Release|Any CPU = Release|Any CPU
		Release|x86 = Release|x86
	EndGlobalSection
	GlobalSection(ProjectConfigurationPlatforms) = postSolution
		{148F7377-119F-4E92-B314-6ED988E8CC9B}.Debug|Any CPU.ActiveCfg = Debug|Any CPU
		{148F7377-119F-4E92-B314-6ED988E8CC9B}.Debug|Any CPU.Build.0 = Debug|Any CPU
		{148F7377-119F-4E92-B314-6ED988E8CC9B}.Debug|x86.ActiveCfg = Debug|x86
		{148F7377-119F-4E92-B314-6ED988E8CC9B}.Debug|x86.Build.0 = Debug|x86
		{148F7377-119F-4E92-B314-6ED988E8CC9B}.Release|Any CPU.ActiveCfg = Release|Any CPU
		{148F7377-119F-4E92-B314-6ED988E8CC9B}.Release|Any CPU.Build.0 = Release|Any CPU
		{148F7377-119F-4E92-B314-6ED988E8CC9B}.Release|x86.ActiveCfg = Release|x86
		{148F7377-119F-4E92-B314-6ED988E8CC9B}.Release|x86.Build.0 = Release|x86
		{473A9E95-214E-4B23-96EC-EC733ADFF586}.Debug|Any CPU.ActiveCfg = Debug|Any CPU
		{473A9E95-214E-4B23-96EC-EC733ADFF586}.Debug|Any CPU.Build.0 = Debug|Any CPU
		{473A9E95-214E-4B23-96EC-EC733ADFF586}.Debug|x86.ActiveCfg = Debug|Any CPU
		{473A9E95-214E-4B23-96EC-EC733ADFF586}.Release|Any CPU.ActiveCfg = Release|Any CPU
		{473A9E95-214E-4B23-96EC-EC733ADFF586}.Release|Any CPU.Build.0 = Release|Any CPU
		{473A9E95-214E-4B23-96EC-EC733ADFF586}.Release|x86.ActiveCfg = Release|Any CPU
		{26F3CAA6-AE82-4F07-9702-285E2035C010}.Debug|Any CPU.ActiveCfg = Debug|Any CPU
		{26F3CAA6-AE82-4F07-9702-285E2035C010}.Debug|Any CPU.Build.0 = Debug|Any CPU
		{26F3CAA6-AE82-4F07-9702-285E2035C010}.Debug|x86.ActiveCfg = Debug|Any CPU
		{26F3CAA6-AE82-4F07-9702-285E2035C010}.Release|Any CPU.ActiveCfg = Release|Any CPU
		{26F3CAA6-AE82-4F07-9702-285E2035C010}.Release|Any CPU.Build.0 = Release|Any CPU
		{26F3CAA6-AE82-4F07-9702-285E2035C010}.Release|x86.ActiveCfg = Release|Any CPU
		{DF55CD95-B55F-47D6-B147-C6EA4F82D5FC}.Debug|Any CPU.ActiveCfg = Debug|Any CPU
		{DF55CD95-B55F-47D6-B147-C6EA4F82D5FC}.Debug|Any CPU.Build.0 = Debug|Any CPU
		{DF55CD95-B55F-47D6-B147-C6EA4F82D5FC}.Debug|x86.ActiveCfg = Debug|Any CPU
		{DF55CD95-B55F-47D6-B147-C6EA4F82D5FC}.Release|Any CPU.ActiveCfg = Release|Any CPU
		{DF55CD95-B55F-47D6-B147-C6EA4F82D5FC}.Release|Any CPU.Build.0 = Release|Any CPU
		{DF55CD95-B55F-47D6-B147-C6EA4F82D5FC}.Release|x86.ActiveCfg = Release|Any CPU
		{FB88CD04-59CB-4D7C-9A4D-B618DDC90309}.Debug|Any CPU.ActiveCfg = Debug|Any CPU
		{FB88CD04-59CB-4D7C-9A4D-B618DDC90309}.Debug|Any CPU.Build.0 = Debug|Any CPU
		{FB88CD04-59CB-4D7C-9A4D-B618DDC90309}.Debug|x86.ActiveCfg = Debug|Any CPU
		{FB88CD04-59CB-4D7C-9A4D-B618DDC90309}.Release|Any CPU.ActiveCfg = Release|Any CPU
		{FB88CD04-59CB-4D7C-9A4D-B618DDC90309}.Release|Any CPU.Build.0 = Release|Any CPU
		{FB88CD04-59CB-4D7C-9A4D-B618DDC90309}.Release|x86.ActiveCfg = Release|Any CPU
	EndGlobalSection
	GlobalSection(SolutionProperties) = preSolution
		HideSolutionNode = FALSE
	EndGlobalSection
EndGlobal
